
Microsoft Visual Studio Solution File, Format Version 12.00
# Visual Studio 15
VisualStudioVersion = 15.0.28307.1300
MinimumVisualStudioVersion = 10.0.40219.1
Project("{FAE04EC0-301F-11D3-BF4B-00C04F79EFBC}") = "ServiceRest_041_MuhammadMiqdadGhifar", "ServiceRest_041_MuhammadMiqdadGhifar\ServiceRest_041_MuhammadMiqdadGhifar.csproj", "{B27ABD33-9DBF-44C4-BB5A-639534B37785}"
EndProject
Global
	GlobalSection(SolutionConfigurationPlatforms) = preSolution
		Debug|Any CPU = Debug|Any CPU
		Release|Any CPU = Release|Any CPU
	EndGlobalSection
	GlobalSection(ProjectConfigurationPlatforms) = postSolution
		{B27ABD33-9DBF-44C4-BB5A-639534B37785}.Debug|Any CPU.ActiveCfg = Debug|Any CPU
		{B27ABD33-9DBF-44C4-BB5A-639534B37785}.Debug|Any CPU.Build.0 = Debug|Any CPU
		{B27ABD33-9DBF-44C4-BB5A-639534B37785}.Release|Any CPU.ActiveCfg = Release|Any CPU
		{B27ABD33-9DBF-44C4-BB5A-639534B37785}.Release|Any CPU.Build.0 = Release|Any CPU
	EndGlobalSection
	GlobalSection(SolutionProperties) = preSolution
		HideSolutionNode = FALSE
	EndGlobalSection
	GlobalSection(ExtensibilityGlobals) = postSolution
		SolutionGuid = {C2CF3694-107C-4D5E-B821-E8CA251A1C9B}
	EndGlobalSection
EndGlobal
